
Microsoft Visual Studio Solution File, Format Version 12.00
# Visual Studio Version 17
VisualStudioVersion = 17.0.31912.275
MinimumVisualStudioVersion = 10.0.40219.1
Project("{9A19103F-16F7-4668-BE54-9A1E7A4F7556}") = "Experimental", "Experimental\Experimental.csproj", "{9C37593D-5E89-4D0B-92CA-3159B4B111AC}"
EndProject
Project("{2150E333-8FDC-42A3-9474-1A3956D46DE8}") = "Global", "Global", "{AAFDC0FB-2242-4652-B328-B5AE6DD4BF8B}"
	ProjectSection(SolutionItems) = preProject
		.gitignore = .gitignore
		Readme.md = Readme.md
	EndProjectSection
EndProject
Global
	GlobalSection(SolutionConfigurationPlatforms) = preSolution
		Debug|Any CPU = Debug|Any CPU
		Release|Any CPU = Release|Any CPU
	EndGlobalSection
	GlobalSection(ProjectConfigurationPlatforms) = postSolution
		{9C37593D-5E89-4D0B-92CA-3159B4B111AC}.Debug|Any CPU.ActiveCfg = Debug|Any CPU
		{9C37593D-5E89-4D0B-92CA-3159B4B111AC}.Debug|Any CPU.Build.0 = Debug|Any CPU
		{9C37593D-5E89-4D0B-92CA-3159B4B111AC}.Release|Any CPU.ActiveCfg = Release|Any CPU
		{9C37593D-5E89-4D0B-92CA-3159B4B111AC}.Release|Any CPU.Build.0 = Release|Any CPU
	EndGlobalSection
	GlobalSection(SolutionProperties) = preSolution
		HideSolutionNode = FALSE
	EndGlobalSection
	GlobalSection(ExtensibilityGlobals) = postSolution
		SolutionGuid = {D345B85B-EC78-4B1A-9191-883D46E08C65}
	EndGlobalSection
EndGlobal
